
Microsoft Visual Studio Solution File, Format Version 12.00
# Visual Studio 14
VisualStudioVersion = 14.0.23107.0
MinimumVisualStudioVersion = 10.0.40219.1
Project("{FAE04EC0-301F-11D3-BF4B-00C04F79EFBC}") = "ReporteadorWeb", "ReporteadorWeb\ReporteadorWeb.csproj", "{D01764D5-11DD-4787-AE84-99DE1BB9BB56}"
EndProject
Project("{FAE04EC0-301F-11D3-BF4B-00C04F79EFBC}") = "CodeEngine.Framework.QueryBuilder", "QueryBuilder\CodeEngine.Framework.QueryBuilder.csproj", "{9281D89A-C56F-4620-B036-1258CDB9B28E}"
EndProject
Global
	GlobalSection(SolutionConfigurationPlatforms) = preSolution
		Debug|Any CPU = Debug|Any CPU
		Release|Any CPU = Release|Any CPU
	EndGlobalSection
	GlobalSection(ProjectConfigurationPlatforms) = postSolution
		{D01764D5-11DD-4787-AE84-99DE1BB9BB56}.Debug|Any CPU.ActiveCfg = Debug|Any CPU
		{D01764D5-11DD-4787-AE84-99DE1BB9BB56}.Debug|Any CPU.Build.0 = Debug|Any CPU
		{D01764D5-11DD-4787-AE84-99DE1BB9BB56}.Release|Any CPU.ActiveCfg = Release|Any CPU
		{D01764D5-11DD-4787-AE84-99DE1BB9BB56}.Release|Any CPU.Build.0 = Release|Any CPU
		{9281D89A-C56F-4620-B036-1258CDB9B28E}.Debug|Any CPU.ActiveCfg = Debug|Any CPU
		{9281D89A-C56F-4620-B036-1258CDB9B28E}.Debug|Any CPU.Build.0 = Debug|Any CPU
		{9281D89A-C56F-4620-B036-1258CDB9B28E}.Release|Any CPU.ActiveCfg = Release|Any CPU
		{9281D89A-C56F-4620-B036-1258CDB9B28E}.Release|Any CPU.Build.0 = Release|Any CPU
	EndGlobalSection
	GlobalSection(SolutionProperties) = preSolution
		HideSolutionNode = FALSE
	EndGlobalSection
EndGlobal
